PODS:
  - Eatr (0.1.7):
    - HandyJSON (~> 5.0.0)
  - HandyJSON (5.0.0)
  - Nimble (8.0.2)
  - Quick (2.1.0)

DEPENDENCIES:
  - Eatr (from `../`)
  - Nimble
  - Quick

SPEC REPOS:
  https://github.com/cocoapods/specs.git:
    - HandyJSON
    - Nimble
    - Quick

EXTERNAL SOURCES:
  Eatr:
    :path: "../"

SPEC CHECKSUMS:
  Eatr: d0ef3301ab95ca12b78e4e0c5a1c2b9e345ccaae
  HandyJSON: 992f2d661716d6a91de82d0056927bc7813b5770
  Nimble: 622629381bda1dd5678162f21f1368cec7cbba60
  Quick: 4be43f6634acfa727dd106bdf3929ce125ffa79d

PODFILE CHECKSUM: a1c0d069d4f67e40a6a0883bc1ccb66c3d1d25bd

COCOAPODS: 1.6.1
